version = 1
revision = 3
requires-python = "==3.13.*"

[[package]]
name = "build"
version = "1.5.0"
source = { registry = "https://pypi.org/simple/" }
dependencies = [
    { name = "colorama", marker = "os_name == 'nt'" },
    { name = "packaging" },
    { name = "pyproject-hooks" },
]
sdist = { url = "https://files.pythonhosted.org/packages/78/e0/df5e171f685f82f37b12e1f208064e24244911079d7b767447d1af7e0d70/build-1.5.0.tar.gz", hash = "sha256:302c22c3ba2a0fd5f3911918651341ebb3896176cbdec15bd421f80b1afc7647" }
wheels = [
    { url = "https://files.pythonhosted.org/packages/0d/fe/6bea5c9162869c5beba5d9c8abbed835ec85bf1ec1fba05a3822325c45f3/build-1.5.0-py3-none-any.whl", hash = "sha256:13f3eecb844759ab66efec90ca17639bbf14dc06cb2fdf37a9010322d9c50a6f" },
]

[[package]]
name = "colorama"
version = "0.4.6"
source = { registry = "https://pypi.org/simple/" }
sdist = { url = "https://files.pythonhosted.org/packages/d8/53/6f443c9a4a8358a93a6792e2acffb9d9d5cb0a5cfd8802644b7b1c9a02e4/colorama-0.4.6.tar.gz", hash = "sha256:08695f5cb7ed6e0531a20572697297273c47b8cae5a63ffc6d6ed5c201be6e44" }
wheels = [
    { url = "https://files.pythonhosted.org/packages/d1/d6/3965ed04c63042e047cb6a3e6ed1a63a35087b6a609aa3a15ed8ac56c221/colorama-0.4.6-py2.py3-none-any.whl", hash = "sha256:4f1d9991f5acc0ca119f9d443620b77f9d6b33703e51011c16baf57afb285fc6" },
]

[[package]]
name = "coverage"
version = "7.14.0"
source = { registry = "https://pypi.org/simple/" }
sdist = { url = "https://files.pythonhosted.org/packages/23/7f/d0720730a397a999ffc0fd3f5bebef347338e3a47b727da66fbb228e2ff2/coverage-7.14.0.tar.gz", hash = "sha256:057a6af2f160a85384cde4ab36f0d2777bae1057bae255f95413cdd382aa5c74" }
wheels = [
    { url = "https://files.pythonhosted.org/packages/6b/76/b7c66ee3c66e1b0f9d894c8125983aa0c03fb2336f2fd16559f9c966157f/coverage-7.14.0-cp313-cp313-macosx_10_13_x86_64.whl", hash = "sha256:f2bbb8254370eb4c628ff3d6fa8a7f74ddc40565394d4f7ab791d1fe568e37ef" },
    { url = "https://files.pythonhosted.org/packages/b3/af/e567cbad5ba69c013a50146dfa886dc7193361fda77521f51274ff620e1b/coverage-7.14.0-cp313-cp313-macosx_11_0_arm64.whl", hash = "sha256:23b81107f46d3f21d0cbce30664fcec0f5d9f585638a67081750f99738f6bf66" },
    { url = "https://files.pythonhosted.org/packages/44/6f/9ad575d505b4d805b254febc8a5b338a2efe278f8786e56ff1cb8413f9c3/coverage-7.14.0-cp313-cp313-manylinux1_i686.manylinux_2_28_i686.manylinux_2_5_i686.whl", hash = "sha256:22a7e06a5f11a757cdfe79018e9095f9f69ae283c5cd8123774c788deec8717b" },
    { url = "https://files.pythonhosted.org/packages/6f/5f/b5370068b2f57787454592ed7dcd1002f0f1703b7db1fa30f6a325a4ca6e/coverage-7.14.0-cp313-cp313-manylinux1_x86_64.manylinux_2_28_x86_64.manylinux_2_5_x86_64.whl", hash = "sha256:9d1aa57a1dc8e05bdc42e81c5d671d849577aeedf279f4c449d6d286f9ed88ca" },
    { url = "https://files.pythonhosted.org/packages/29/1e/51adf17738976e8f2b85ddef7b7aa12a0838b056c92f175941d8862767c1/coverage-7.14.0-cp313-cp313-manylinux2014_aarch64.manylinux_2_17_aarch64.manylinux_2_28_aarch64.whl", hash = "sha256:90c1a51bcfddf645b3bb7ec333d9e94393a8e94f55642380fa8a9a5a9e636cb7" },
    { url = "https://files.pythonhosted.org/packages/9e/7b/5bfd7ac1df3b881c2ac7a5cbc99c7609e6296c402f5ef587cd81c6f355b3/coverage-7.14.0-cp313-cp313-manylinux2014_ppc64le.manylinux_2_17_ppc64le.manylinux_2_28_ppc64le.whl", hash = "sha256:a841fae2fadcae4f438d43b6ccc4aac2ad609f47cdb6cfdce60cbb3fe5ca7bc2" },
    { url = "https://files.pythonhosted.org/packages/7d/38/1d37d316b174fad3843a1d76dbdfe4398771c9ecd0515935dd9ece9cd627/coverage-7.14.0-cp313-cp313-manylinux_2_31_riscv64.manylinux_2_39_riscv64.whl", hash = "sha256:c79d2319cabef1fe8e86df73371126931550804738f78ad7d31e3aad85a67367" },
    { url = "https://files.pythonhosted.org/packages/34/46/746704f95980ba220214e1a41e18cec5aea80a898eaa53c51bf2d645ff36/coverage-7.14.0-cp313-cp313-musllinux_1_2_aarch64.whl", hash = "sha256:1b23b0c6f0b1db6ad769b7050c8b641c0bf215ded26c1816955b17b7f26edfa9" },
    { url = "https://files.pythonhosted.org/packages/e1/b9/bbe87206d9687b192352f893797825b5f5b15ecd3aa9c68fbff0c074d77b/coverage-7.14.0-cp313-cp313-musllinux_1_2_i686.whl", hash = "sha256:55d3089079ce181a4566b1065ab28d2575eb76d8ac8f81f4fcda2bf037fee087" },
    { url = "https://files.pythonhosted.org/packages/46/57/b8cdb12ac0d73ef0243218bd5e22c9df8f92edab8018213a86aec67c5324/coverage-7.14.0-cp313-cp313-musllinux_1_2_ppc64le.whl", hash = "sha256:49c005cba1e2f9677fb2845dcdf9a2e72a52a17d63e8231aaaae35d9f50215ef" },
    { url = "https://files.pythonhosted.org/packages/1f/d4/5002019538b2036ce3c84340f54d2fd5100d55b0a6b0894eee56128d03c7/coverage-7.14.0-cp313-cp313-musllinux_1_2_riscv64.whl", hash = "sha256:9117377b823daa28aa8635fbb08cda1cd6be3d7143257345459559aeef852d52" },
    { url = "https://files.pythonhosted.org/packages/37/53/20c5009477660f084e6ed60bc02a91894b8e234e617e86ecfd9aaf78e27b/coverage-7.14.0-cp313-cp313-musllinux_1_2_x86_64.whl", hash = "sha256:7b79d646cf46d5cf9a9f40281d4441df5849e445726e369006d2b117710b33fe" },
    { url = "https://files.pythonhosted.org/packages/ae/ab/3cf6427ac9c1f1db747dbb1ce71dde47984876d4c2cfd018a3fef0a78d4d/coverage-7.14.0-cp313-cp313-win32.whl", hash = "sha256:fb609b3658479e33f9516d46f1a89dbb9b6c261366e3a11844a96ec487533dae" },
    { url = "https://files.pythonhosted.org/packages/8f/b8/9228523e80321c2cb4880d1f589bc0171f2f71432c35118ad04dc01decce/coverage-7.14.0-cp313-cp313-win_amd64.whl", hash = "sha256:0773d8329cf32b6fd222e4b52622c61fe8d503eb966cfc8d3c3c10c96266d50e" },
    { url = "https://files.pythonhosted.org/packages/a3/99/118daa192f95e3a6cb2740100fbf8797cda1734b4134ef0b5d501a7fa8f3/coverage-7.14.0-cp313-cp313-win_arm64.whl", hash = "sha256:b4e26a0f1b696faf283bffe5b8569e44e336c582439df5d53281ab89ee0cba96" },
    { url = "https://files.pythonhosted.org/packages/e6/f1/a46cc0c013be170216253184a32366d7cbdb9252feaec866b05c2d12a894/coverage-7.14.0-cp313-cp313t-macosx_10_13_x86_64.whl", hash = "sha256:953f521ca9445300397e65fda3dca58b2dbd68fee983777420b57ac3c77e9f90" },
    { url = "https://files.pythonhosted.org/packages/64/8c/9c30a3d311a34177fa432995be7fbfc64477d8bac5630bd38055b1c9b424/coverage-7.14.0-cp313-cp313t-macosx_11_0_arm64.whl", hash = "sha256:98af83fd65ae24b1fdd03aaead967a9f523bcd2f1aab2d4f3ffda65bb568a6f1" },
    { url = "https://files.pythonhosted.org/packages/9a/cd/3fb5e06c3badefd0c1b47e2044fdca67f8220a4ec2e7fcfb476aa0a67c6c/coverage-7.14.0-cp313-cp313t-manylinux1_i686.manylinux_2_28_i686.manylinux_2_5_i686.whl", hash = "sha256:668b92e6958c4db7cf92e81caac328dfbbdbb215db2850ad28f0cbe1eea0bfbd" },
    { url = "https://files.pythonhosted.org/packages/a8/e6/fbc322325c7294d3e22c1ad6b79e45d0806b25228c8e5842aed6d8169aa7/coverage-7.14.0-cp313-cp313t-manylinux1_x86_64.manylinux_2_28_x86_64.manylinux_2_5_x86_64.whl", hash = "sha256:9fbd898551762dea00d3fef2b1c4f99afd2c6a3ff952ea07d60a9bd5ed4f34bc" },
    { url = "https://files.pythonhosted.org/packages/08/92/c497b264bec1673c47cc77e26f760fcda4654cabf1f39546d1a23a3b8c35/coverage-7.14.0-cp313-cp313t-manylinux2014_aarch64.manylinux_2_17_aarch64.manylinux_2_28_aarch64.whl", hash = "sha256:68af363c07ecd8d4b7d4043d85cb376d7d227eceb54e5323ee45da73dbd3e426" },
    { url = "https://files.pythonhosted.org/packages/78/fc/045da320987f401af5d2815d351e8aa799aec859f60e29f445e3089eeedb/coverage-7.14.0-cp313-cp313t-manylinux2014_ppc64le.manylinux_2_17_ppc64le.manylinux_2_28_ppc64le.whl", hash = "sha256:6e57054a583da8ac55edf24117ea4c9133032cfc4cf72aa2d48c1e5d4b52f899" },
    { url = "https://files.pythonhosted.org/packages/1b/ae/227b1e379497fb7a4fc3286e620f80c8a1e7cec66d45695a01639eb1af65/coverage-7.14.0-cp313-cp313t-manylinux_2_31_riscv64.manylinux_2_39_riscv64.whl", hash = "sha256:cc3499459bbcdd51a65b64c35ab7ed2764eaf3cba826e0df3f1d7fe2e102b70b" },
    { url = "https://files.pythonhosted.org/packages/a0/f5/3570342900f2acea31d33ff1590c5d8bac1a8e1a2e1c6d34a5d5e61de681/coverage-7.14.0-cp313-cp313t-musllinux_1_2_aarch64.whl", hash = "sha256:45899ec2138a4346ed34d601dedf5076fb74edf2d1dd9dc76a78e82397edee90" },
    { url = "https://files.pythonhosted.org/packages/16/29/de1bbc01c935b28f89b1dc3db85b011c055e843a8e5e3b83141c3f80af7f/coverage-7.14.0-cp313-cp313t-musllinux_1_2_i686.whl", hash = "sha256:8767486808c436f05b23ab98eb963fb29185e32a9357a166971685cb3459900f" },
    { url = "https://files.pythonhosted.org/packages/35/95/f53890b0bf2fc10ab168e05d38869215e73ca24c4cb521c3bb0eb62fe16b/coverage-7.14.0-cp313-cp313t-musllinux_1_2_ppc64le.whl", hash = "sha256:a3b5ddfd6aa7ddad53ee3edb231e88a2151507a43229b7d71b953916deca127d" },
    { url = "https://files.pythonhosted.org/packages/ed/ea/c919e259081dd2bdf0e43b87209709ba7ec2e4117c2a7f5185379c43463c/coverage-7.14.0-cp313-cp313t-musllinux_1_2_riscv64.whl", hash = "sha256:63df0fe568e698e1045792399f8ab6da3a6c2dce3182813fb92afa2641087b47" },
    { url = "https://files.pythonhosted.org/packages/1a/2c/c2831889705a81dc5d1c6ca12e4d8e9b95dfc146d153488a6c0ea685d28e/coverage-7.14.0-cp313-cp313t-musllinux_1_2_x86_64.whl", hash = "sha256:827d6397dbd95144939b18f89edf31f63e1f99633e8d5f32f22ba8bdda567477" },
    { url = "https://files.pythonhosted.org/packages/5a/a9/2fcae5003cac3d63fe344d2166243c2756935f48420863c5272b240d550b/coverage-7.14.0-cp313-cp313t-win32.whl", hash = "sha256:7bf43e000d24012599b879791cff41589af90674722421ef11b11a5431920bab" },
    { url = "https://files.pythonhosted.org/packages/3f/bb/18e94d7b14b9b398164197114a587a04ab7c9fdbe1d237eef57311c5e883/coverage-7.14.0-cp313-cp313t-win_amd64.whl", hash = "sha256:3f5549365af25d770e06b1f8f5682d9a5637d06eb494db91c6fa75d3950cc917" },
    { url = "https://files.pythonhosted.org/packages/db/56/4f14fad782b035c81c4ffd09159e7103d42bb1d93ac8496d04b90a11b7da/coverage-7.14.0-cp313-cp313t-win_arm64.whl", hash = "sha256:6d160217ec6fe890f16ad3a9531761589443749e448f91986c972714fad361c8" },
    { url = "https://files.pythonhosted.org/packages/61/e8/cb8e80d6f9f55b99588625062822bf946cf03ed06315df4bd8397f5632a1/coverage-7.14.0-py3-none-any.whl", hash = "sha256:8de5b61163aee3d05c8a2beab6f47913df7981dad1baf82c414d99158c286ab1" },
]

[[package]]
name = "hypothesis"
version = "6.152.7"
source = { registry = "https://pypi.org/simple/" }
dependencies = [
    { name = "sortedcontainers" },
]
sdist = { url = "https://files.pythonhosted.org/packages/91/dd/19d273652eb20dac15f32bbc484f2f6d51ccd8fe51fdb27da3f85f9017e8/hypothesis-6.152.7.tar.gz", hash = "sha256:741dedcede2ae0f32c32929a5992804b61f2b0400403b6a51a881a2b58482782" }
wheels = [
    { url = "https://files.pythonhosted.org/packages/0a/1e/8222edaee03c37350eaa726213614e343a62f1e56396dd000ad9277bfa3d/hypothesis-6.152.7-py3-none-any.whl", hash = "sha256:c0b17dd428fcb6e962f60315f6f4a77816c72fbb281ce9ba73699dabead5ec82" },
]

[[package]]
name = "iniconfig"
version = "2.3.0"
source = { registry = "https://pypi.org/simple/" }
sdist = { url = "https://files.pythonhosted.org/packages/72/34/14ca021ce8e5dfedc35312d08ba8bf51fdd999c576889fc2c24cb97f4f10/iniconfig-2.3.0.tar.gz", hash = "sha256:c76315c77db068650d49c5b56314774a7804df16fee4402c1f19d6d15d8c4730" }
wheels = [
    { url = "https://files.pythonhosted.org/packages/cb/b1/3846dd7f199d53cb17f49cba7e651e9ce294d8497c8c150530ed11865bb8/iniconfig-2.3.0-py3-none-any.whl", hash = "sha256:f631c04d2c48c52b84d0d0549c99ff3859c98df65b3101406327ecc7d53fbf12" },
]

[[package]]
name = "llm-shared"
version = "0.9.0"
source = { virtual = "." }

[package.dev-dependencies]
dev = [
    { name = "build" },
    { name = "hypothesis" },
    { name = "packaging" },
    { name = "pyinstrument" },
    { name = "pyproject-hooks" },
    { name = "pyright" },
    { name = "pytest" },
    { name = "pytest-asyncio" },
    { name = "pytest-cov" },
    { name = "pytest-rerunfailures" },
    { name = "pytest-testmon" },
    { name = "pytest-timeout" },
    { name = "pytest-watcher" },
    { name = "questionary" },
    { name = "radon" },
    { name = "ruff" },
    { name = "tqdm" },
    { name = "ty" },
    { name = "uv" },
    { name = "vulture" },
    { name = "wheel" },
]

[package.metadata]

[package.metadata.requires-dev]
dev = [
    { name = "build" },
    { name = "hypothesis" },
    { name = "packaging" },
    { name = "pyinstrument" },
    { name = "pyproject-hooks" },
    { name = "pyright" },
    { name = "pytest" },
    { name = "pytest-asyncio" },
    { name = "pytest-cov" },
    { name = "pytest-rerunfailures" },
    { name = "pytest-testmon" },
    { name = "pytest-timeout" },
    { name = "pytest-watcher" },
    { name = "questionary" },
    { name = "radon" },
    { name = "ruff" },
    { name = "tqdm" },
    { name = "ty", specifier = ">=0.0.30" },
    { name = "uv" },
    { name = "vulture" },
    { name = "wheel" },
]

[[package]]
name = "mando"
version = "0.7.1"
source = { registry = "https://pypi.org/simple/" }
dependencies = [
    { name = "six" },
]
sdist = { url = "https://files.pythonhosted.org/packages/35/24/cd70d5ae6d35962be752feccb7dca80b5e0c2d450e995b16abd6275f3296/mando-0.7.1.tar.gz", hash = "sha256:18baa999b4b613faefb00eac4efadcf14f510b59b924b66e08289aa1de8c3500" }
wheels = [
    { url = "https://files.pythonhosted.org/packages/d2/f0/834e479e47e499b6478e807fb57b31cc2db696c4db30557bb6f5aea4a90b/mando-0.7.1-py2.py3-none-any.whl", hash = "sha256:26ef1d70928b6057ee3ca12583d73c63e05c49de8972d620c278a7b206581a8a" },
]

[[package]]
name = "nodeenv"
version = "1.10.0"
source = { registry = "https://pypi.org/simple/" }
sdist = { url = "https://files.pythonhosted.org/packages/24/bf/d1bda4f6168e0b2e9e5958945e01910052158313224ada5ce1fb2e1113b8/nodeenv-1.10.0.tar.gz", hash = "sha256:996c191ad80897d076bdfba80a41994c2b47c68e224c542b48feba42ba00f8bb" }
wheels = [
    { url = "https://files.pythonhosted.org/packages/88/b2/d0896bdcdc8d28a7fc5717c305f1a861c26e18c05047949fb371034d98bd/nodeenv-1.10.0-py2.py3-none-any.whl", hash = "sha256:5bb13e3eed2923615535339b3c620e76779af4cb4c6a90deccc9e36b274d3827" },
]

[[package]]
name = "packaging"
version = "26.2"
source = { registry = "https://pypi.org/simple/" }
sdist = { url = "https://files.pythonhosted.org/packages/d7/f1/e7a6dd94a8d4a5626c03e4e99c87f241ba9e350cd9e6d75123f992427270/packaging-26.2.tar.gz", hash = "sha256:ff452ff5a3e828ce110190feff1178bb1f2ea2281fa2075aadb987c2fb221661" }
wheels = [
    { url = "https://files.pythonhosted.org/packages/df/b2/87e62e8c3e2f4b32e5fe99e0b86d576da1312593b39f47d8ceef365e95ed/packaging-26.2-py3-none-any.whl", hash = "sha256:5fc45236b9446107ff2415ce77c807cee2862cb6fac22b8a73826d0693b0980e" },
]

[[package]]
name = "pluggy"
version = "1.6.0"
source = { registry = "https://pypi.org/simple/" }
sdist = { url = "https://files.pythonhosted.org/packages/f9/e2/3e91f31a7d2b083fe6ef3fa267035b518369d9511ffab804f839851d2779/pluggy-1.6.0.tar.gz", hash = "sha256:7dcc130b76258d33b90f61b658791dede3486c3e6bfb003ee5c9bfb396dd22f3" }
wheels = [
    { url = "https://files.pythonhosted.org/packages/54/20/4d324d65cc6d9205fabedc306948156824eb9f0ee1633355a8f7ec5c66bf/pluggy-1.6.0-py3-none-any.whl", hash = "sha256:e920276dd6813095e9377c0bc5566d94c932c33b27a3e3945d8389c374dd4746" },
]

[[package]]
name = "prompt-toolkit"
version = "3.0.52"
source = { registry = "https://pypi.org/simple/" }
dependencies = [
    { name = "wcwidth" },
]
sdist = { url = "https://files.pythonhosted.org/packages/a1/96/06e01a7b38dce6fe1db213e061a4602dd6032a8a97ef6c1a862537732421/prompt_toolkit-3.0.52.tar.gz", hash = "sha256:28cde192929c8e7321de85de1ddbe736f1375148b02f2e17edd840042b1be855" }
wheels = [
    { url = "https://files.pythonhosted.org/packages/84/03/0d3ce49e2505ae70cf43bc5bb3033955d2fc9f932163e84dc0779cc47f48/prompt_toolkit-3.0.52-py3-none-any.whl", hash = "sha256:9aac639a3bbd33284347de5ad8d68ecc044b91a762dc39b7c21095fcd6a19955" },
]

[[package]]
name = "pygments"
version = "2.20.0"
source = { registry = "https://pypi.org/simple/" }
sdist = { url = "https://files.pythonhosted.org/packages/c3/b2/bc9c9196916376152d655522fdcebac55e66de6603a76a02bca1b6414f6c/pygments-2.20.0.tar.gz", hash = "sha256:6757cd03768053ff99f3039c1a36d6c0aa0b263438fcab17520b30a303a82b5f" }
wheels = [
    { url = "https://files.pythonhosted.org/packages/f4/7e/a72dd26f3b0f4f2bf1dd8923c85f7ceb43172af56d63c7383eb62b332364/pygments-2.20.0-py3-none-any.whl", hash = "sha256:81a9e26dd42fd28a23a2d169d86d7ac03b46e2f8b59ed4698fb4785f946d0176" },
]

[[package]]
name = "pyinstrument"
version = "5.1.2"
source = { registry = "https://pypi.org/simple/" }
sdist = { url = "https://files.pythonhosted.org/packages/32/7f/d3c4ef7c43f3294bd5a475dfa6f295a9fee5243c292d5c8122044fa83bcb/pyinstrument-5.1.2.tar.gz", hash = "sha256:af149d672da9493fa37334a1cc68f7b80c3e6cb9fd99b9e426c447db5c650bf0" }
wheels = [
    { url = "https://files.pythonhosted.org/packages/b4/8e/b9aea969eec67c129652000446384d550a0df45c297adc9fd74da2f8482c/pyinstrument-5.1.2-cp313-cp313-macosx_10_13_universal2.whl", hash = "sha256:7b8bab2334bf1d4c9e92d61db574300b914b594588a6b6dd67c45450152dfc29" },
    { url = "https://files.pythonhosted.org/packages/8f/62/76418eb29b5591f3e5500369a6777ce928135c3aa6ccdb0c861a9c6ca93b/pyinstrument-5.1.2-cp313-cp313-macosx_11_0_arm64.whl", hash = "sha256:13dcc138a61298ef4994b7aebff509d2c06db89dfd6e2021f0b9cd96aaa44ec3" },
    { url = "https://files.pythonhosted.org/packages/07/73/874bccc04bcf6f4babc3de1a9568e209e7e40998563974f5030b0fb4d3e0/pyinstrument-5.1.2-cp313-cp313-manylinux2014_aarch64.manylinux_2_17_aarch64.manylinux_2_28_aarch64.whl", hash = "sha256:c8abd4a7ffa2e7f9e00039a5e549e8eebc80d7ca8d43f0fb51a50ff2b117ce4a" },
    { url = "https://files.pythonhosted.org/packages/cf/85/268446c4388d77ff4abdeaff202356e1527b3ff9576f5587443a24980bec/pyinstrument-5.1.2-cp313-cp313-manylinux2014_x86_64.manylinux_2_17_x86_64.manylinux_2_28_x86_64.whl", hash = "sha256:eb3a05108edebc30f31e2c69c904576042f1158b2513ab80adc08f7848a7a8f0" },
    { url = "https://files.pythonhosted.org/packages/fc/15/4f8dea3381483e68d00582a9b823a21a088acfe77a847a7991a1a8feed76/pyinstrument-5.1.2-cp313-cp313-musllinux_1_2_aarch64.whl", hash = "sha256:f70d588b53f3f35829d1d1ddfa05e07fcebf1434b3b1509d542ca317d8e9a2a5" },
    { url = "https://files.pythonhosted.org/packages/fa/61/72c180454b6511d5b90166f8828e1bab3b45d0489952a1fe48c5c585233d/pyinstrument-5.1.2-cp313-cp313-musllinux_1_2_x86_64.whl", hash = "sha256:b007327e0d6a6a01d5064883dd27c19996f044ce7488d507826fee7884e6a32e" },
    { url = "https://files.pythonhosted.org/packages/2c/f0/4c27cebddf22a8840bd8b419366bb321ce41f921ca1893e309c932ab28bf/pyinstrument-5.1.2-cp313-cp313-win32.whl", hash = "sha256:9ba0e6b17a7e86c3dc02d208e4c25506e8f914d9964ae89449f1f37f0b70abc0" },
    { url = "https://files.pythonhosted.org/packages/6c/20/6b1bee88ddef065b0df3a3ba4ba60ed8a9ca443d5cded7152a8a9750914f/pyinstrument-5.1.2-cp313-cp313-win_amd64.whl", hash = "sha256:660d7fc486a839814db0b2f716bc13d8b99b9c780aaeb47f74a70a34adc02a7b" },
]

[[package]]
name = "pyproject-hooks"
version = "1.2.0"
source = { registry = "https://pypi.org/simple/" }
sdist = { url = "https://files.pythonhosted.org/packages/e7/82/28175b2414effca1cdac8dc99f76d660e7a4fb0ceefa4b4ab8f5f6742925/pyproject_hooks-1.2.0.tar.gz", hash = "sha256:1e859bd5c40fae9448642dd871adf459e5e2084186e8d2c2a79a824c970da1f8" }
wheels = [
    { url = "https://files.pythonhosted.org/packages/bd/24/12818598c362d7f300f18e74db45963dbcb85150324092410c8b49405e42/pyproject_hooks-1.2.0-py3-none-any.whl", hash = "sha256:9e5c6bfa8dcc30091c74b0cf803c81fdd29d94f01992a7707bc97babb1141913" },
]

[[package]]
name = "pyright"
version = "1.1.409"
source = { registry = "https://pypi.org/simple/" }
dependencies = [
    { name = "nodeenv" },
    { name = "typing-extensions" },
]
sdist = { url = "https://files.pythonhosted.org/packages/51/4e/3aa27f74211522dba7e9cbc3e74de779c6d4b654c54e50a4840623be8014/pyright-1.1.409.tar.gz", hash = "sha256:986ee05beca9e077c165758ad123667c679e050059a2546aa02473930394bc93" }
wheels = [
    { url = "https://files.pythonhosted.org/packages/16/6b/330d8ebae582b30c2959a1ef4c3bc344ebde48c2ff0c3f113c4710735e11/pyright-1.1.409-py3-none-any.whl", hash = "sha256:aa3ea228cab90c845c7a60d28db7a844c04315356392aa09fafcee98c8c22fb3" },
]

[[package]]
name = "pytest"
version = "9.1.0"
source = { registry = "https://pypi.org/simple/" }
dependencies = [
    { name = "colorama", marker = "sys_platform == 'win32'" },
    { name = "iniconfig" },
    { name = "packaging" },
    { name = "pluggy" },
    { name = "pygments" },
]
sdist = { url = "https://files.pythonhosted.org/packages/84/0e/b5858858d74958632c49b72cb25a3976ff9f632397626715be71c89d3971/pytest-9.1.0.tar.gz", hash = "sha256:41dd9148c08072446394cefd3d79701701335a9f4cae69ba92e39f6c7f5c061c" }
wheels = [
    { url = "https://files.pythonhosted.org/packages/8b/5a/ba30a81239b909821b3153e303e7def45178bf353da4f72380e6c5e8793b/pytest-9.1.0-py3-none-any.whl", hash = "sha256:8ebb0e7888bdf2bdfc602ec51f8f62d50200af37356c74e503c79a94f5c81f32" },
]

[[package]]
name = "pytest-asyncio"
version = "1.3.0"
source = { registry = "https://pypi.org/simple/" }
dependencies = [
    { name = "pytest" },
]
sdist = { url = "https://files.pythonhosted.org/packages/90/2c/8af215c0f776415f3590cac4f9086ccefd6fd463befeae41cd4d3f193e5a/pytest_asyncio-1.3.0.tar.gz", hash = "sha256:d7f52f36d231b80ee124cd216ffb19369aa168fc10095013c6b014a34d3ee9e5" }
wheels = [
    { url = "https://files.pythonhosted.org/packages/e5/35/f8b19922b6a25bc0880171a2f1a003eaeb93657475193ab516fd87cac9da/pytest_asyncio-1.3.0-py3-none-any.whl", hash = "sha256:611e26147c7f77640e6d0a92a38ed17c3e9848063698d5c93d5aa7aa11cebff5" },
]

[[package]]
name = "pytest-cov"
version = "7.1.0"
source = { registry = "https://pypi.org/simple/" }
dependencies = [
    { name = "coverage" },
    { name = "pluggy" },
    { name = "pytest" },
]
sdist = { url = "https://files.pythonhosted.org/packages/b1/51/a849f96e117386044471c8ec2bd6cfebacda285da9525c9106aeb28da671/pytest_cov-7.1.0.tar.gz", hash = "sha256:30674f2b5f6351aa09702a9c8c364f6a01c27aae0c1366ae8016160d1efc56b2" }
wheels = [
    { url = "https://files.pythonhosted.org/packages/9d/7a/d968e294073affff457b041c2be9868a40c1c71f4a35fcc1e45e5493067b/pytest_cov-7.1.0-py3-none-any.whl", hash = "sha256:a0461110b7865f9a271aa1b51e516c9a95de9d696734a2f71e3e78f46e1d4678" },
]

[[package]]
name = "pytest-rerunfailures"
version = "16.2"
source = { registry = "https://pypi.org/simple/" }
dependencies = [
    { name = "packaging" },
    { name = "pytest" },
]
sdist = { url = "https://files.pythonhosted.org/packages/6b/27/fd0209642f3a1069da3e0be3c7e339f942d052d81ccb1fb4eb9b187d3633/pytest_rerunfailures-16.2.tar.gz", hash = "sha256:5f5a32f15674a3d54f7598388fcd3cc1bc5c37284731a4704a44485dcdda5e23" }
wheels = [
    { url = "https://files.pythonhosted.org/packages/3f/a5/d8c1ad74529b483044b787ead2d24ecc624bca4084a509002102e4bab8cc/pytest_rerunfailures-16.2-py3-none-any.whl", hash = "sha256:c22a53d2827becc76f057d4ded123c0e726523f2f0e5f0bb4efb31fd59e1f14e" },
]

[[package]]
name = "pytest-testmon"
version = "2.2.0"
source = { registry = "https://pypi.org/simple/" }
dependencies = [
    { name = "coverage" },
    { name = "pytest" },
]
sdist = { url = "https://files.pythonhosted.org/packages/4d/1d/3e4230cc67cd6205bbe03c3527500c0ccaf7f0c78b436537eac71590ee4a/pytest_testmon-2.2.0.tar.gz", hash = "sha256:01f488e955ed0e0049777bee598bf1f647dd524e06f544c31a24e68f8d775a51" }
wheels = [
    { url = "https://files.pythonhosted.org/packages/61/55/ebb3c2f59fb089f08d00f764830d35780fc4e4c41dffcadafa3264682b65/pytest_testmon-2.2.0-py3-none-any.whl", hash = "sha256:2604ca44a54d61a2e830d9ce828b41a837075e4ebc1f81b148add8e90d34815b" },
]

[[package]]
name = "pytest-timeout"
version = "2.4.0"
source = { registry = "https://pypi.org/simple/" }
dependencies = [
    { name = "pytest" },
]
sdist = { url = "https://files.pythonhosted.org/packages/ac/82/4c9ecabab13363e72d880f2fb504c5f750433b2b6f16e99f4ec21ada284c/pytest_timeout-2.4.0.tar.gz", hash = "sha256:7e68e90b01f9eff71332b25001f85c75495fc4e3a836701876183c4bcfd0540a" }
wheels = [
    { url = "https://files.pythonhosted.org/packages/fa/b6/3127540ecdf1464a00e5a01ee60a1b09175f6913f0644ac748494d9c4b21/pytest_timeout-2.4.0-py3-none-any.whl", hash = "sha256:c42667e5cdadb151aeb5b26d114aff6bdf5a907f176a007a30b940d3d865b5c2" },
]

[[package]]
name = "pytest-watcher"
version = "0.6.3"
source = { registry = "https://pypi.org/simple/" }
dependencies = [
    { name = "watchdog" },
]
sdist = { url = "https://files.pythonhosted.org/packages/e6/d2/80606077b7fa8784417687f494ff801d7ab817d9a17fc94305811d5919bb/pytest_watcher-0.6.3.tar.gz", hash = "sha256:842dc904264df0ad2d5264153a66bb452fccfa46598cd6e0a5ef1d19afed9b13" }
wheels = [
    { url = "https://files.pythonhosted.org/packages/fc/3f/172d73600ad2771774cda108efb813fc724fc345e5240a81a1085f1ade5d/pytest_watcher-0.6.3-py3-none-any.whl", hash = "sha256:83e7748c933087e8276edb6078663e6afa9926434b4fd8b85cf6b32b1d5bec89" },
]

[[package]]
name = "questionary"
version = "2.1.1"
source = { registry = "https://pypi.org/simple/" }
dependencies = [
    { name = "prompt-toolkit" },
]
sdist = { url = "https://files.pythonhosted.org/packages/f6/45/eafb0bba0f9988f6a2520f9ca2df2c82ddfa8d67c95d6625452e97b204a5/questionary-2.1.1.tar.gz", hash = "sha256:3d7e980292bb0107abaa79c68dd3eee3c561b83a0f89ae482860b181c8bd412d" }
wheels = [
    { url = "https://files.pythonhosted.org/packages/3c/26/1062c7ec1b053db9e499b4d2d5bc231743201b74051c973dadeac80a8f43/questionary-2.1.1-py3-none-any.whl", hash = "sha256:a51af13f345f1cdea62347589fbb6df3b290306ab8930713bfae4d475a7d4a59" },
]

[[package]]
name = "radon"
version = "6.0.1"
source = { registry = "https://pypi.org/simple/" }
dependencies = [
    { name = "colorama" },
    { name = "mando" },
]
sdist = { url = "https://files.pythonhosted.org/packages/b1/6d/98e61600febf6bd929cf04154537c39dc577ce414bafbfc24a286c4fa76d/radon-6.0.1.tar.gz", hash = "sha256:d1ac0053943a893878940fedc8b19ace70386fc9c9bf0a09229a44125ebf45b5" }
wheels = [
    { url = "https://files.pythonhosted.org/packages/93/f7/d00d9b4a0313a6be3a3e0818e6375e15da6d7076f4ae47d1324e7ca986a1/radon-6.0.1-py2.py3-none-any.whl", hash = "sha256:632cc032364a6f8bb1010a2f6a12d0f14bc7e5ede76585ef29dc0cecf4cd8859" },
]

[[package]]
name = "ruff"
version = "0.15.13"
source = { registry = "https://pypi.org/simple/" }
sdist = { url = "https://files.pythonhosted.org/packages/24/21/a7d5c126d5b557715ef81098f3db2fe20f622a039ff2e626af28d674ab80/ruff-0.15.13.tar.gz", hash = "sha256:f9d89f17f7ba7fb2ed42921f0df75da797a9a5d71bc39049e2c687cf2baf44b7" }
wheels = [
    { url = "https://files.pythonhosted.org/packages/c6/61/11d458dc6ac22504fd8e237b29dfd40504c7fbbcc8930402cfe51a8e63ed/ruff-0.15.13-py3-none-linux_armv6l.whl", hash = "sha256:444b580fc72fd6887e650acd3e575e18cdc79dbcf42fb4030b491057921f61f8" },
    { url = "https://files.pythonhosted.org/packages/86/ca/caa871ee7be718c45256fada4e16a218ee3e33f0c4a46b729a60a24912e6/ruff-0.15.13-py3-none-macosx_10_12_x86_64.whl", hash = "sha256:6590d009e7cb7ebf36f83dbdd44a3fa48a0994ff6f1cdc1b08006abe58f98dc7" },
    { url = "https://files.pythonhosted.org/packages/d3/19/43f5f2e568dddde567fc41f8471f9432c09563e19d3e617a48cfa52f8f0a/ruff-0.15.13-py3-none-macosx_11_0_arm64.whl", hash = "sha256:1c26d2f66163deeb6e08d8b39fbbe983ce3c71cea06a6d7591cfd1421793c629" },
    { url = "https://files.pythonhosted.org/packages/99/df/cf938cd6de3003178f03ad7c1ea2a6c099468c03a35037985070b37e76be/ruff-0.15.13-py3-none-manylinux_2_17_aarch64.manylinux2014_aarch64.whl", hash = "sha256:9dbd6f94b434f896308e4d57fb7bfde0d02b99f7a64b3bdab0fdfa6a864203a5" },
    { url = "https://files.pythonhosted.org/packages/c7/7d/5d0973129b154ded2225729169d7068f26b467760b146493fde138415f23/ruff-0.15.13-py3-none-manylinux_2_17_armv7l.manylinux2014_armv7l.whl", hash = "sha256:bf3259f3be4d181bda591da5db2571aed6853c6a048157756448020bc6c5cd22" },
    { url = "https://files.pythonhosted.org/packages/1f/e3/6b999bbc66cd51e5f073842bc2a3995e99c5e0e72e16b15e7261f7abf57a/ruff-0.15.13-py3-none-manylinux_2_17_i686.manylinux2014_i686.whl", hash = "sha256:ae9c17e5eb4430c154e76abc25d79a318190f5a997f38fb6b114416c5319ffc9" },
    { url = "https://files.pythonhosted.org/packages/af/5a/642639e9f5db04f1e97fbd6e091c6fd20725bdf072fb114d00eefb9e6eb8/ruff-0.15.13-py3-none-manylinux_2_17_ppc64le.manylinux2014_ppc64le.whl", hash = "sha256:2e2e39bff6c341f4b577a21b801326fab0b11847f48fcaa83f00a113c9b3cb55" },
    { url = "https://files.pythonhosted.org/packages/19/4c/7585735f6b53b0f12de13618b2f7d250a844f018822efc899df2e7b8295f/ruff-0.15.13-py3-none-manylinux_2_17_s390x.manylinux2014_s390x.whl", hash = "sha256:e8d9a8e08013542e94d3220bc5b62cc3e5ef87c5f74bff367d3fac14fab013e6" },
    { url = "https://files.pythonhosted.org/packages/e8/31/bf1a0803d077e679cfeee5f2f67290a0fa79c7385b5d9a8c17b9db2c48f0/ruff-0.15.13-py3-none-manylinux_2_17_x86_64.manylinux2014_x86_64.whl", hash = "sha256:cc411dfebe5eebe55ce041c6ae080eb7668955e866daa2fbb16692a784f1c4ca" },
    { url = "https://files.pythonhosted.org/packages/e1/4e/62c9b999875d4f14db80f277c030578f5e249c9852d65b7ac7ad0b43c041/ruff-0.15.13-py3-none-manylinux_2_31_riscv64.whl", hash = "sha256:768494eb08b9cee54e2fd27969966f74db5a57f6eaa7a90fcb3306af34dfc4bd" },
    { url = "https://files.pythonhosted.org/packages/fc/89/7e959047a104df3eb12863447c110140191fc5b6c4f379ea2e803fcdb0e4/ruff-0.15.13-py3-none-musllinux_1_2_aarch64.whl", hash = "sha256:fb75f9a3a7e42ffe117d734494e6c5e5cb3565d66e12612cb63d0e572a41a5b6" },
    { url = "https://files.pythonhosted.org/packages/ff/52/5fd18f3b88cab63e88aa11516b3b4e1e5f720e5c330f8dbe5c26210f41f8/ruff-0.15.13-py3-none-musllinux_1_2_armv7l.whl", hash = "sha256:8cb74dd33bb2f6613faf7fc03b660053b5ac4f80e706d5788c6335e2a8048d51" },
    { url = "https://files.pythonhosted.org/packages/e8/e0/9e35f338990d3e41a82875ff7053ffe97541dae81c9d02143177f381d572/ruff-0.15.13-py3-none-musllinux_1_2_i686.whl", hash = "sha256:7ef823f817fcd191dc934e984be9cf4094f808effa16f2542ad8e821ba02bbf2" },
    { url = "https://files.pythonhosted.org/packages/c2/13/070fb048c24080fba188f66371e2a92785be257ad02242066dc7255ac6e9/ruff-0.15.13-py3-none-musllinux_1_2_x86_64.whl", hash = "sha256:f345a13937bd7f09f6f5d19fa0721b0c103e00e7f62bc67089a8e5e037719e0b" },
    { url = "https://files.pythonhosted.org/packages/6b/8c/b1e1666aef7fc6555094d73ae6cd981701781ae85b97ceefc0eebd0b4668/ruff-0.15.13-py3-none-win32.whl", hash = "sha256:4044f94208b3b05ba0fc4a4abd0558cf4d6459bd18325eead7fd8cc66f909b41" },
    { url = "https://files.pythonhosted.org/packages/ab/a6/870a3e8a50590bb92be184ad928c2922f088b00d9dc5c5ec7b924ee08c22/ruff-0.15.13-py3-none-win_amd64.whl", hash = "sha256:7064884d442b7d477b4e7473d12da7f08851d2b1982763c5d3f388a19468a1a4" },
    { url = "https://files.pythonhosted.org/packages/9b/36/9c015cd052fca743dae8cb2aeb16b551444787467db42ceab0fc968865af/ruff-0.15.13-py3-none-win_arm64.whl", hash = "sha256:2471da9bd1068c8c064b5fd9c0c4b6dddffd6369cb1cd68b29993b1709ff1b21" },
]

[[package]]
name = "six"
version = "1.17.0"
source = { registry = "https://pypi.org/simple/" }
sdist = { url = "https://files.pythonhosted.org/packages/94/e7/b2c673351809dca68a0e064b6af791aa332cf192da575fd474ed7d6f16a2/six-1.17.0.tar.gz", hash = "sha256:ff70335d468e7eb6ec65b95b99d3a2836546063f63acc5171de367e834932a81" }
wheels = [
    { url = "https://files.pythonhosted.org/packages/b7/ce/149a00dd41f10bc29e5921b496af8b574d8413afcd5e30dfa0ed46c2cc5e/six-1.17.0-py2.py3-none-any.whl", hash = "sha256:4721f391ed90541fddacab5acf947aa0d3dc7d27b2e1e8eda2be8970586c3274" },
]

[[package]]
name = "sortedcontainers"
version = "2.4.0"
source = { registry = "https://pypi.org/simple/" }
sdist = { url = "https://files.pythonhosted.org/packages/e8/c4/ba2f8066cceb6f23394729afe52f3bf7adec04bf9ed2c820b39e19299111/sortedcontainers-2.4.0.tar.gz", hash = "sha256:25caa5a06cc30b6b83d11423433f65d1f9d76c4c6a0c90e3379eaa43b9bfdb88" }
wheels = [
    { url = "https://files.pythonhosted.org/packages/32/46/9cb0e58b2deb7f82b84065f37f3bffeb12413f947f9388e4cac22c4621ce/sortedcontainers-2.4.0-py2.py3-none-any.whl", hash = "sha256:a163dcaede0f1c021485e957a39245190e74249897e2ae4b2aa38595db237ee0" },
]

[[package]]
name = "tqdm"
version = "4.68.2"
source = { registry = "https://pypi.org/simple/" }
dependencies = [
    { name = "colorama", marker = "sys_platform == 'win32'" },
]
sdist = { url = "https://files.pythonhosted.org/packages/85/05/0d5260f1f1ca784f4a4a0def9cbe6affe587f5b4025328d446c3d67765f4/tqdm-4.68.2.tar.gz", hash = "sha256:89c230e8dbc67c7615c142487111222f878c77427ea09549960f62389e258add" }
wheels = [
    { url = "https://files.pythonhosted.org/packages/eb/75/1a0392bcc21c44dcdf87b3cf2d137e7829be2c083a1e38d44efca3d57a16/tqdm-4.68.2-py3-none-any.whl", hash = "sha256:d4240441fb5353290b87d6a85968c9decc131a99b8c7faa28269d829de669ede" },
]

[[package]]
name = "ty"
version = "0.0.37"
source = { registry = "https://pypi.org/simple/" }
sdist = { url = "https://files.pythonhosted.org/packages/c7/c3/60bc4829e0c1a8ff80b592067e1185a7b5ea64608acb0c676c44d5137d52/ty-0.0.37.tar.gz", hash = "sha256:f873f69627bd7f4ef8d57f716c63e5c63d7d1b7327ab3de185c7287a75223011" }
wheels = [
    { url = "https://files.pythonhosted.org/packages/b8/fe/180dd6914f9db33ad0200fbeaa429dd1fb0a4e6d98320dc1775f100a91af/ty-0.0.37-py3-none-linux_armv6l.whl", hash = "sha256:66cf7310189856e15f690559ddf37735476d2644db917d92f7cef13e5c834adf" },
    { url = "https://files.pythonhosted.org/packages/ef/a2/fa0cfd31467ad99b2db8c81ee9e2b4574589974a3eb9723be825e15b300c/ty-0.0.37-py3-none-macosx_10_12_x86_64.whl", hash = "sha256:2048f3c44ee6c7dde6e0ca064f99c6cada8f6de8ccdcfad2d856a429f8a4ac82" },
    { url = "https://files.pythonhosted.org/packages/10/3f/db60ba9be8b95a464ece0ba103e534047c34b49fee12f5e101f83f8d66db/ty-0.0.37-py3-none-macosx_11_0_arm64.whl", hash = "sha256:32c7b9b5b626aacdec334b44a2698e5f7b80df55bf7338267084d00d4b9546b3" },
    { url = "https://files.pythonhosted.org/packages/56/6f/11dd7174b20ebcb37a3d3b68f60b3940e37e4356e0accd03e2d7f9f70690/ty-0.0.37-py3-none-manylinux_2_17_aarch64.manylinux2014_aarch64.whl", hash = "sha256:e9fba1bebccf1e656bc5e3787acc5a191c491041ee4d12fe8fe2eff64e7b190d" },
    { url = "https://files.pythonhosted.org/packages/65/dd/3c17ce2860c525817c42c82d7075391b1f5615d36c03aa2d26647a224e8a/ty-0.0.37-py3-none-manylinux_2_17_armv7l.manylinux2014_armv7l.whl", hash = "sha256:f987c5fb59aa5017ee8e8c5b57a07390f584e58e572255acd0fa44b3e0b238df" },
    { url = "https://files.pythonhosted.org/packages/d0/a8/e7a40b0b57660921dd3482d219add963973b52ae8507abd88f48439704b5/ty-0.0.37-py3-none-manylinux_2_17_i686.manylinux2014_i686.whl", hash = "sha256:f4168f53146e7a3f52560ff433f238352591c9b1a9ed09397fbb776ddef4f89c" },
    { url = "https://files.pythonhosted.org/packages/da/5f/2c406b98244bc1ad42afdd35f466bcef88664210957dcbb5172254ff2462/ty-0.0.37-py3-none-manylinux_2_17_ppc64le.manylinux2014_ppc64le.whl", hash = "sha256:11e487eafdb80a48223ce68a01f9287528216ffe0126d1629ff11e4f7c1dd3cf" },
    { url = "https://files.pythonhosted.org/packages/d3/3c/5c492a38e1b21a26370727dd4b77a53f05262e53e3be232047f22e7fa1b3/ty-0.0.37-py3-none-manylinux_2_17_s390x.manylinux2014_s390x.whl", hash = "sha256:9b49f388d063668676daaa7eef57385089d1b844279c0185bd84d4dbc3bcede6" },
    { url = "https://files.pythonhosted.org/packages/b2/00/8a3d9ba265cd0582342c14e4980cc0351aaaa45c6305712d398c9e2446c7/ty-0.0.37-py3-none-manylinux_2_17_x86_64.manylinux2014_x86_64.whl", hash = "sha256:1b96bfc1cc725d9d859abef4e3aa32a6da0f7472eaaafae2d9a6cffd729c7c61" },
    { url = "https://files.pythonhosted.org/packages/91/4b/6ee172935cb842f5c1553b0d37215b45e9dde05a4c74fdb47fd271907122/ty-0.0.37-py3-none-manylinux_2_31_riscv64.whl", hash = "sha256:c55f39b519107cf234b794718793e11793c055e89028a282a309f690def48117" },
    { url = "https://files.pythonhosted.org/packages/34/ef/75a7425bf9fe74483404ff11a8cbe3aa307354e0801697d6063384157776/ty-0.0.37-py3-none-musllinux_1_2_aarch64.whl", hash = "sha256:c79204350de060a077bff7f027a1d53e216cad147d826ec9862be0af2f9c3c1e" },
    { url = "https://files.pythonhosted.org/packages/e0/2c/7ea9dccd55961375067f99ed00fb8eabb491f6a06d0e5f09c797d2b900a6/ty-0.0.37-py3-none-musllinux_1_2_armv7l.whl", hash = "sha256:49a21b4dcb2cd94cd0298c96dfb71a2dd25f08bf7e6eefd0c33c519d058908c6" },
    { url = "https://files.pythonhosted.org/packages/98/d7/848fde96c6610b2b1fd75823d44d8977a4525c4397f27332f054ccd6cf9c/ty-0.0.37-py3-none-musllinux_1_2_i686.whl", hash = "sha256:119332095c5974fe1dabfe4fd00c6759eeec5b99f7d7a80b2833feee5a58abdb" },
    { url = "https://files.pythonhosted.org/packages/29/11/c1613ac4b64357b9067df68bac97bcb458cc426cd468a2782847238c539b/ty-0.0.37-py3-none-musllinux_1_2_x86_64.whl", hash = "sha256:ac5dc593675414f68862c2f71cc04912b0e5ec5520a9c49fc71ed79205b95c33" },
    { url = "https://files.pythonhosted.org/packages/5f/ac/961205863903881996adb5a6f9cfe570c132882922ac226540346f15df20/ty-0.0.37-py3-none-win32.whl", hash = "sha256:33b57e4095179f06c2ae01c334833645cad94bf7d7467e073cdc3aaabea565d3" },
    { url = "https://files.pythonhosted.org/packages/39/cd/f308edd0cd86e402fe3a1b5c54e0a0dfa0177d80c1557c4849510bb2a147/ty-0.0.37-py3-none-win_amd64.whl", hash = "sha256:3b159351e99cf6eed7aacfb69ae8437725d15599ac4f21c8b2e909b300498b6c" },
    { url = "https://files.pythonhosted.org/packages/1a/ed/5ec4b501479bc5dad55467e2fe72e797cb9c178468c0d1a514536872ebc5/ty-0.0.37-py3-none-win_arm64.whl", hash = "sha256:6c3c2b997f68c71e14242b96d48cba3c086439556af02bb4613aa458950d5c23" },
]

[[package]]
name = "typing-extensions"
version = "4.15.0"
source = { registry = "https://pypi.org/simple/" }
sdist = { url = "https://files.pythonhosted.org/packages/72/94/1a15dd82efb362ac84269196e94cf00f187f7ed21c242792a923cdb1c61f/typing_extensions-4.15.0.tar.gz", hash = "sha256:0cea48d173cc12fa28ecabc3b837ea3cf6f38c6d1136f85cbaaf598984861466" }
wheels = [
    { url = "https://files.pythonhosted.org/packages/18/67/36e9267722cc04a6b9f15c7f3441c2363321a3ea07da7ae0c0707beb2a9c/typing_extensions-4.15.0-py3-none-any.whl", hash = "sha256:f0fa19c6845758ab08074a0cfa8b7aecb71c999ca73d62883bc25cc018c4e548" },
]

[[package]]
name = "uv"
version = "0.11.21"
source = { registry = "https://pypi.org/simple/" }
sdist = { url = "https://files.pythonhosted.org/packages/f3/f9/f45bb1c251962ee614afd58ccd3dc06ada7869d04987efc2858a81cc4e0f/uv-0.11.21.tar.gz", hash = "sha256:083882c73373a16de4c136d54e3386a52388dead5048a07505e25578b157182f" }
wheels = [
    { url = "https://files.pythonhosted.org/packages/6f/a5/1c863b931f3aba6e07547929b8cb45875038de00678bfd2fbabcd76faeef/uv-0.11.21-py3-none-linux_armv6l.whl", hash = "sha256:48c36eb170a5e7a668c1d13d2c8edeb017a3e6484c224f1521b540a6bda9e50b" },
    { url = "https://files.pythonhosted.org/packages/9b/8c/66d22f9152a014fbb17b1308394efe274e860b8beb4933f051396f96dd9f/uv-0.11.21-py3-none-macosx_10_12_x86_64.whl", hash = "sha256:88d8283f6ea9f0cdbb7717e6e08e916c32a8b8b7e11c72fcc6426a4c4eeb89e0" },
    { url = "https://files.pythonhosted.org/packages/a5/f7/31d62c17837c9ae79cc6d5351fc5d54e8926e78b0315b4b6c187e0d1d50d/uv-0.11.21-py3-none-macosx_11_0_arm64.whl", hash = "sha256:9c11169a049ec8bf9ddc6a9f55fba9a240942ec8005faaaf4393f00ff7a4c16e" },
    { url = "https://files.pythonhosted.org/packages/3c/04/c5503fc1015095db71c280526f45537f3bb06855ce281ff1761b85d149bf/uv-0.11.21-py3-none-manylinux_2_17_aarch64.manylinux2014_aarch64.musllinux_1_1_aarch64.whl", hash = "sha256:00193e4e077c27ee3d66da356744dbf0b3aa59356dfbd9a9efb1dc8469af8ad7" },
    { url = "https://files.pythonhosted.org/packages/13/ac/46132335772fcdc38e5b5ec76701a8df8e3707605909b5fed46783689501/uv-0.11.21-py3-none-manylinux_2_17_armv7l.manylinux2014_armv7l.musllinux_1_1_armv7l.whl", hash = "sha256:870f48082df673016f465b068f40ad5aa7d2d3cfbcfb4e73724630684003a2ab" },
    { url = "https://files.pythonhosted.org/packages/8c/d4/cfa1ea36706c32006dea9bf0a819b56c22af8270ea3a2b57562ce96c2d45/uv-0.11.21-py3-none-manylinux_2_17_armv7l.manylinux2014_armv7l.whl", hash = "sha256:af08e0d8f43da43bc68930aee56ca5f38ccfbc79d45b6e8a7d5051f1e975684f" },
    { url = "https://files.pythonhosted.org/packages/96/c5/b34d3cdf05a069c583ef368e6db90242f842d7eb26b246981b3ca8799c27/uv-0.11.21-py3-none-manylinux_2_17_i686.manylinux2014_i686.whl", hash = "sha256:4530761c565f3a519a68f36628ee51f2b467b66573e2023e9073641219b60d23" },
    { url = "https://files.pythonhosted.org/packages/be/b9/89b4e3909111c14311d4a1551afb37f0669587dc1f4ae7e26ec5baea6c09/uv-0.11.21-py3-none-manylinux_2_17_ppc64le.manylinux2014_ppc64le.whl", hash = "sha256:66906cfa7c29c2cf4ea5117cf5614b0b83078ff669e664e2187071fcb24c85c1" },
    { url = "https://files.pythonhosted.org/packages/1c/7b/51d53d9fb1aaf38a613c2d20b40583ee2aa47fc000724a00aecbd5e61431/uv-0.11.21-py3-none-manylinux_2_17_s390x.manylinux2014_s390x.whl", hash = "sha256:525ef0eb56ff982357a321eca953307d824ab6f58473630c69521e8085f12b0a" },
    { url = "https://files.pythonhosted.org/packages/de/70/3347f736911b73df1f31c0823d6502891f3c49fdeb157fe8060b18c08d1c/uv-0.11.21-py3-none-manylinux_2_17_x86_64.manylinux2014_x86_64.whl", hash = "sha256:b9ecdefa81db7e966d1655988cad6f840316228381dd69131ebc4ae9362bbccd" },
    { url = "https://files.pythonhosted.org/packages/61/b5/b92538042d78550626ec7ac98b525bcb81ded8605c7ca9d6e35a1454ba71/uv-0.11.21-py3-none-manylinux_2_28_aarch64.whl", hash = "sha256:4ed98ff3165bf7b339692d0df918b87e6d36eb0bed5183466330d27d5730d57b" },
    { url = "https://files.pythonhosted.org/packages/6a/1a/5c8993f95d4384baeaf00b96df0111af3c941a34e4466cde0d52b0b6ad99/uv-0.11.21-py3-none-manylinux_2_31_riscv64.musllinux_1_1_riscv64.whl", hash = "sha256:0e7916874f125a6f6af4cddd95f892ef19a4bb65c146afea7e544b0f98c63d02" },
    { url = "https://files.pythonhosted.org/packages/66/2c/d4db24f9aeab8fce106633cd0388df4c0cf9f0991a2b5d9f58d061a031f7/uv-0.11.21-py3-none-manylinux_2_31_riscv64.whl", hash = "sha256:05e2f2e0fbf7c423f8287011ba0d2d69464f26a5f13b33df05cd491fbe5a910a" },
    { url = "https://files.pythonhosted.org/packages/f6/53/c61711e81f9f8d34dd020340ace968499b2539d3bb4ac09d39339df54a9d/uv-0.11.21-py3-none-musllinux_1_1_i686.whl", hash = "sha256:b756dd2b368d7cc4aeb48249d06e1250bfcf81f0313ff7d7ec2ccafcd3ee4c93" },
    { url = "https://files.pythonhosted.org/packages/84/21/210a5562a6a0eddfbe4890eb48e67f167be0307e75f029ca46b8f6386e5d/uv-0.11.21-py3-none-musllinux_1_1_x86_64.whl", hash = "sha256:88668a27959df9188ff72b0314f6b14f6acf6090964bb0748974239183ecb51c" },
    { url = "https://files.pythonhosted.org/packages/f8/3c/81979463de0278facaa59ed3940b9c62f25a68d737d1a6f11cc3f922fba3/uv-0.11.21-py3-none-win32.whl", hash = "sha256:a00c78f3eea6db7967d98a505b01b7d80354517c7ff34f51701949f39c7b53e6" },
    { url = "https://files.pythonhosted.org/packages/3d/51/e682e060813424467f14ae964dd7022f8fc537fea5803b5aab0ba1eca9cc/uv-0.11.21-py3-none-win_amd64.whl", hash = "sha256:d956ba9470d5267cc0ea3d7572cac3bf045bc78adad5b031b5558c6df13d2e19" },
    { url = "https://files.pythonhosted.org/packages/5a/ef/8b1d92f9501963ef8694bb17ad80ba9926d049240d2da0a4f879aa37f3e2/uv-0.11.21-py3-none-win_arm64.whl", hash = "sha256:f64a851e429e6afb96f3a0b688995757ed3697bf1078509e2da8220ffc9805cd" },
]

[[package]]
name = "vulture"
version = "2.16"
source = { registry = "https://pypi.org/simple/" }
sdist = { url = "https://files.pythonhosted.org/packages/66/3e/4d08c5903b2c0c70cad583c170cc4a663fc6a61e2ad00b711fcda61358cd/vulture-2.16.tar.gz", hash = "sha256:f8d9f6e2af03011664a3c6c240c9765b3f392917d3135fddca6d6a68d359f717" }
wheels = [
    { url = "https://files.pythonhosted.org/packages/f5/be/f935130312330614811dae2ea9df3f395f6d63889eb6c2e68c14507152ee/vulture-2.16-py3-none-any.whl", hash = "sha256:6e0f1c312cef1c87856957e5c2ca9608834a7c794c2180477f30bf0e4cc58eee" },
]

[[package]]
name = "watchdog"
version = "6.0.0"
source = { registry = "https://pypi.org/simple/" }
sdist = { url = "https://files.pythonhosted.org/packages/db/7d/7f3d619e951c88ed75c6037b246ddcf2d322812ee8ea189be89511721d54/watchdog-6.0.0.tar.gz", hash = "sha256:9ddf7c82fda3ae8e24decda1338ede66e1c99883db93711d8fb941eaa2d8c282" }
wheels = [
    { url = "https://files.pythonhosted.org/packages/68/98/b0345cabdce2041a01293ba483333582891a3bd5769b08eceb0d406056ef/watchdog-6.0.0-cp313-cp313-macosx_10_13_universal2.whl", hash = "sha256:490ab2ef84f11129844c23fb14ecf30ef3d8a6abafd3754a6f75ca1e6654136c" },
    { url = "https://files.pythonhosted.org/packages/85/83/cdf13902c626b28eedef7ec4f10745c52aad8a8fe7eb04ed7b1f111ca20e/watchdog-6.0.0-cp313-cp313-macosx_10_13_x86_64.whl", hash = "sha256:76aae96b00ae814b181bb25b1b98076d5fc84e8a53cd8885a318b42b6d3a5134" },
    { url = "https://files.pythonhosted.org/packages/fe/c4/225c87bae08c8b9ec99030cd48ae9c4eca050a59bf5c2255853e18c87b50/watchdog-6.0.0-cp313-cp313-macosx_11_0_arm64.whl", hash = "sha256:a175f755fc2279e0b7312c0035d52e27211a5bc39719dd529625b1930917345b" },
    { url = "https://files.pythonhosted.org/packages/a9/c7/ca4bf3e518cb57a686b2feb4f55a1892fd9a3dd13f470fca14e00f80ea36/watchdog-6.0.0-py3-none-manylinux2014_aarch64.whl", hash = "sha256:7607498efa04a3542ae3e05e64da8202e58159aa1fa4acddf7678d34a35d4f13" },
    { url = "https://files.pythonhosted.org/packages/5c/51/d46dc9332f9a647593c947b4b88e2381c8dfc0942d15b8edc0310fa4abb1/watchdog-6.0.0-py3-none-manylinux2014_armv7l.whl", hash = "sha256:9041567ee8953024c83343288ccc458fd0a2d811d6a0fd68c4c22609e3490379" },
    { url = "https://files.pythonhosted.org/packages/d4/57/04edbf5e169cd318d5f07b4766fee38e825d64b6913ca157ca32d1a42267/watchdog-6.0.0-py3-none-manylinux2014_i686.whl", hash = "sha256:82dc3e3143c7e38ec49d61af98d6558288c415eac98486a5c581726e0737c00e" },
    { url = "https://files.pythonhosted.org/packages/ab/cc/da8422b300e13cb187d2203f20b9253e91058aaf7db65b74142013478e66/watchdog-6.0.0-py3-none-manylinux2014_ppc64.whl", hash = "sha256:212ac9b8bf1161dc91bd09c048048a95ca3a4c4f5e5d4a7d1b1a7d5752a7f96f" },
    { url = "https://files.pythonhosted.org/packages/2c/3b/b8964e04ae1a025c44ba8e4291f86e97fac443bca31de8bd98d3263d2fcf/watchdog-6.0.0-py3-none-manylinux2014_ppc64le.whl", hash = "sha256:e3df4cbb9a450c6d49318f6d14f4bbc80d763fa587ba46ec86f99f9e6876bb26" },
    { url = "https://files.pythonhosted.org/packages/62/ae/a696eb424bedff7407801c257d4b1afda455fe40821a2be430e173660e81/watchdog-6.0.0-py3-none-manylinux2014_s390x.whl", hash = "sha256:2cce7cfc2008eb51feb6aab51251fd79b85d9894e98ba847408f662b3395ca3c" },
    { url = "https://files.pythonhosted.org/packages/b5/e8/dbf020b4d98251a9860752a094d09a65e1b436ad181faf929983f697048f/watchdog-6.0.0-py3-none-manylinux2014_x86_64.whl", hash = "sha256:20ffe5b202af80ab4266dcd3e91aae72bf2da48c0d33bdb15c66658e685e94e2" },
    { url = "https://files.pythonhosted.org/packages/07/f6/d0e5b343768e8bcb4cda79f0f2f55051bf26177ecd5651f84c07567461cf/watchdog-6.0.0-py3-none-win32.whl", hash = "sha256:07df1fdd701c5d4c8e55ef6cf55b8f0120fe1aef7ef39a1c6fc6bc2e606d517a" },
    { url = "https://files.pythonhosted.org/packages/db/d9/c495884c6e548fce18a8f40568ff120bc3a4b7b99813081c8ac0c936fa64/watchdog-6.0.0-py3-none-win_amd64.whl", hash = "sha256:cbafb470cf848d93b5d013e2ecb245d4aa1c8fd0504e863ccefa32445359d680" },
    { url = "https://files.pythonhosted.org/packages/33/e8/e40370e6d74ddba47f002a32919d91310d6074130fe4e17dabcafc15cbf1/watchdog-6.0.0-py3-none-win_ia64.whl", hash = "sha256:a1914259fa9e1454315171103c6a30961236f508b9b623eae470268bbcc6a22f" },
]

[[package]]
name = "wcwidth"
version = "0.7.0"
source = { registry = "https://pypi.org/simple/" }
sdist = { url = "https://files.pythonhosted.org/packages/2c/ee/afaf0f85a9a18fe47a67f1e4422ed6cf1fe642f0ae0a2f81166231303c52/wcwidth-0.7.0.tar.gz", hash = "sha256:90e3a7ea092341c44b99562e75d09e4d5160fe7a3974c6fb842a101a95e7eed0" }
wheels = [
    { url = "https://files.pythonhosted.org/packages/41/52/e465037f5375f43533d1a80b6923955201596a99142ed524d77b571a1418/wcwidth-0.7.0-py3-none-any.whl", hash = "sha256:5d69154c429a82910e241c738cd0e2976fac8a2dd47a1a805f4afed1c0f136f2" },
]

[[package]]
name = "wheel"
version = "0.47.0"
source = { registry = "https://pypi.org/simple/" }
dependencies = [
    { name = "packaging" },
]
sdist = { url = "https://files.pythonhosted.org/packages/39/62/75f18a0f03b4219c456652c7780e4d749b929eb605c098ce3a5b6b6bc081/wheel-0.47.0.tar.gz", hash = "sha256:cc72bd1009ba0cf63922e28f94d9d83b920aa2bb28f798a31d0691b02fa3c9b3" }
wheels = [
    { url = "https://files.pythonhosted.org/packages/87/1b/9e33c09813d65e248f7f773119148a612516a4bea93e9c6f545f78455b7c/wheel-0.47.0-py3-none-any.whl", hash = "sha256:212281cab4dff978f6cedd499cd893e1f620791ca6ff7107cf270781e587eced" },
]
